// !$*UTF8*$!
{
	archiveVersion = 1;
	classes = {
	};
	objectVersion = 77;
	objects = {

/* Begin PBXBuildFile section */
		DE8E22E52EDE253800ACCD4D /* KeychainSwift in Frameworks */ = {isa = PBXBuildFile; productRef = DE8E22E42EDE253800ACCD4D /* KeychainSwift */; };
		DE8E22E82EDE256F00ACCD4D /* SDWebImageSwiftUI in Frameworks */ = {isa = PBXBuildFile; productRef = DE8E22E72EDE256F00ACCD4D /* SDWebImageSwiftUI */; };
		DE8E22EA2EDE25C000ACCD4D /* Auth in Frameworks */ = {isa = PBXBuildFile; productRef = DE8E22E92EDE25C000ACCD4D /* Auth */; };
		DE8E22EC2EDE25C000ACCD4D /* Functions in Frameworks */ = {isa = PBXBuildFile; productRef = DE8E22EB2EDE25C000ACCD4D /* Functions */; };
		DE8E22EE2EDE25C000ACCD4D /* PostgREST in Frameworks */ = {isa = PBXBuildFile; productRef = DE8E22ED2EDE25C000ACCD4D /* PostgREST */; };
		DE8E22F02EDE25C000ACCD4D /* Realtime in Frameworks */ = {isa = PBXBuildFile; productRef = DE8E22EF2EDE25C000ACCD4D /* Realtime */; };
		DE8E22F22EDE25C000ACCD4D /* Storage in Frameworks */ = {isa = PBXBuildFile; productRef = DE8E22F12EDE25C000ACCD4D /* Storage */; };
		DEA0CFE82EDE2FEE00F3B9E1 /* Supabase in Frameworks */ = {isa = PBXBuildFile; productRef = DEA0CFE72EDE2FEE00F3B9E1 /* Supabase */; };
/* End PBXBuildFile section */

/* Begin PBXFileReference section */
		DE8E228C2EDE200900ACCD4D /* SmartShopping.app */ = {isa = PBXFileReference; explicitFileType = wrapper.application; includeInIndex = 0; path = SmartShopping.app; sourceTree = BUILT_PRODUCTS_DIR; };
/* End PBXFileReference section */

/* Begin PBXFileSystemSynchronizedBuildFileExceptionSet section */
		DEA0D0322EDEDC8400F3B9E1 /* Exceptions for "SmartShopping" folder in "SmartShopping" target */ = {
			isa = PBXFileSystemSynchronizedBuildFileExceptionSet;
			membershipExceptions = (
				README.md,
			);
			target = DE8E228B2EDE200900ACCD4D /* SmartShopping */;
		};
/* End PBXFileSystemSynchronizedBuildFileExceptionSet section */

/* Begin PBXFileSystemSynchronizedGroupBuildPhaseMembershipExceptionSet section */
		DEA0D0332EDEDC8400F3B9E1 /* Exceptions for "SmartShopping" folder in "Compile Sources" phase from "SmartShopping" target */ = {
			isa = PBXFileSystemSynchronizedGroupBuildPhaseMembershipExceptionSet;
			buildPhase = DE8E22882EDE200900ACCD4D /* Sources */;
			membershipExceptions = (
				README.md,
			);
		};
/* End PBXFileSystemSynchronizedGroupBuildPhaseMembershipExceptionSet section */

/* Begin PBXFileSystemSynchronizedRootGroup section */
		DE8E228E2EDE200900ACCD4D /* SmartShopping */ = {
			isa = PBXFileSystemSynchronizedRootGroup;
			exceptions = (
				DEA0D0322EDEDC8400F3B9E1 /* Exceptions for "SmartShopping" folder in "SmartShopping" target */,
				DEA0D0332EDEDC8400F3B9E1 /* Exceptions for "SmartShopping" folder in "Compile Sources" phase from "SmartShopping" target */,
			);
			path = SmartShopping;
			sourceTree = "<group>";
		};
/* End PBXFileSystemSynchronizedRootGroup section */

/* Begin PBXFrameworksBuildPhase section */
		DE8E22892EDE200900ACCD4D /* Frameworks */ = {
			isa = PBXFrameworksBuildPhase;
			buildActionMask = 2147483647;
			files = (
				DE8E22E82EDE256F00ACCD4D /* SDWebImageSwiftUI in Frameworks */,
				DE8E22E52EDE253800ACCD4D /* KeychainSwift in Frameworks */,
				DE8E22F22EDE25C000ACCD4D /* Storage in Frameworks */,
				DE8E22EC2EDE25C000ACCD4D /* Functions in Frameworks */,
				DEA0CFE82EDE2FEE00F3B9E1 /* Supabase in Frameworks */,
				DE8E22F02EDE25C000ACCD4D /* Realtime in Frameworks */,
				DE8E22EA2EDE25C000ACCD4D /* Auth in Frameworks */,
				DE8E22EE2EDE25C000ACCD4D /* PostgREST in Frameworks */,
			);
			runOnlyForDeploymentPostprocessing = 0;
		};
/* End PBXFrameworksBuildPhase section */

/* Begin PBXGroup section */
		DE8E22832EDE200900ACCD4D = {
			isa = PBXGroup;
			children = (
				DE8E228E2EDE200900ACCD4D /* SmartShopping */,
				DE8E228D2EDE200900ACCD4D /* Products */,
			);
			sourceTree = "<group>";
		};
		DE8E228D2EDE200900ACCD4D /* Products */ = {
			isa = PBXGroup;
			children = (
				DE8E228C2EDE200900ACCD4D /* SmartShopping.app */,
			);
			name = Products;
			sourceTree = "<group>";
		};
/* End PBXGroup section */

/* Begin PBXNativeTarget section */
		DE8E228B2EDE200900ACCD4D /* SmartShopping */ = {
			isa = PBXNativeTarget;
			buildConfigurationList = DE8E22992EDE200A00ACCD4D /* Build configuration list for PBXNativeTarget "SmartShopping" */;
			buildPhases = (
				DE8E22882EDE200900ACCD4D /* Sources */,
				DE8E22892EDE200900ACCD4D /* Frameworks */,
				DE8E228A2EDE200900ACCD4D /* Resources */,
			);
			buildRules = (
			);
			dependencies = (
			);
			fileSystemSynchronizedGroups = (
				DE8E228E2EDE200900ACCD4D /* SmartShopping */,
			);
			name = SmartShopping;
			packageProductDependencies = (
				DE8E22E42EDE253800ACCD4D /* KeychainSwift */,
				DE8E22E72EDE256F00ACCD4D /* SDWebImageSwiftUI */,
				DE8E22E92EDE25C000ACCD4D /* Auth */,
				DE8E22EB2EDE25C000ACCD4D /* Functions */,
				DE8E22ED2EDE25C000ACCD4D /* PostgREST */,
				DE8E22EF2EDE25C000ACCD4D /* Realtime */,
				DE8E22F12EDE25C000ACCD4D /* Storage */,
				DEA0CFE72EDE2FEE00F3B9E1 /* Supabase */,
			);
			productName = SmartShopping;
			productReference = DE8E228C2EDE200900ACCD4D /* SmartShopping.app */;
			productType = "com.apple.product-type.application";
		};
/* End PBXNativeTarget section */

/* Begin PBXProject section */
		DE8E22842EDE200900ACCD4D /* Project object */ = {
			isa = PBXProject;
			attributes = {
				BuildIndependentTargetsInParallel = 1;
				LastSwiftUpdateCheck = 2610;
				LastUpgradeCheck = 2610;
				TargetAttributes = {
					DE8E228B2EDE200900ACCD4D = {
						CreatedOnToolsVersion = 26.1.1;
					};
				};
			};
			buildConfigurationList = DE8E22872EDE200900ACCD4D /* Build configuration list for PBXProject "SmartShopping" */;
			developmentRegion = en;
			hasScannedForEncodings = 0;
			knownRegions = (
				en,
				Base,
			);
			mainGroup = DE8E22832EDE200900ACCD4D;
			minimizedProjectReferenceProxies = 1;
			packageReferences = (
				DE8E22E22EDE24AB00ACCD4D /* XCRemoteSwiftPackageReference "supabase-swift" */,
				DE8E22E32EDE253800ACCD4D /* XCRemoteSwiftPackageReference "keychain-swift" */,
				DE8E22E62EDE256F00ACCD4D /* XCRemoteSwiftPackageReference "SDWebImageSwiftUI" */,
			);
			preferredProjectObjectVersion = 77;
			productRefGroup = DE8E228D2EDE200900ACCD4D /* Products */;
			projectDirPath = "";
			projectRoot = "";
			targets = (
				DE8E228B2EDE200900ACCD4D /* SmartShopping */,
			);
		};
/* End PBXProject section */

/* Begin PBXResourcesBuildPhase section */
		DE8E228A2EDE200900ACCD4D /* Resources */ = {
			isa = PBXResourcesBuildPhase;
			buildActionMask = 2147483647;
			files = (
			);
			runOnlyForDeploymentPostprocessing = 0;
		};
/* End PBXResourcesBuildPhase section */

/* Begin PBXSourcesBuildPhase section */
		DE8E22882EDE200900ACCD4D /* Sources */ = {
			isa = PBXSourcesBuildPhase;
			buildActionMask = 2147483647;
			files = (
			);
			runOnlyForDeploymentPostprocessing = 0;
		};
/* End PBXSourcesBuildPhase section */

/* Begin XCBuildConfiguration section */
		DE8E22972EDE200A00ACCD4D /* Debug */ = {
			isa = XCBuildConfiguration;
			buildSettings = {
				ALWAYS_SEARCH_USER_PATHS = NO;
				ASSETCATALOG_COMPILER_GENERATE_SWIFT_ASSET_SYMBOL_EXTENSIONS = YES;
				CLANG_ANALYZER_NONNULL = YES;
				CLANG_ANALYZER_NUMBER_OBJECT_CONVERSION = YES_AGGRESSIVE;
				CLANG_CXX_LANGUAGE_STANDARD = "gnu++20";
				CLANG_ENABLE_MODULES = YES;
				CLANG_ENABLE_OBJC_ARC = YES;
				CLANG_ENABLE_OBJC_WEAK = YES;
				CLANG_WARN_BLOCK_CAPTURE_AUTORELEASING = YES;
				CLANG_WARN_BOOL_CONVERSION = YES;
				CLANG_WARN_COMMA = YES;
				CLANG_WARN_CONSTANT_CONVERSION = YES;
				CLANG_WARN_DEPRECATED_OBJC_IMPLEMENTATIONS = YES;
				CLANG_WARN_DIRECT_OBJC_ISA_USAGE = YES_ERROR;
				CLANG_WARN_DOCUMENTATION_COMMENTS = YES;
				CLANG_WARN_EMPTY_BODY = YES;
				CLANG_WARN_ENUM_CONVERSION = YES;
				CLANG_WARN_INFINITE_RECURSION = YES;
				CLANG_WARN_INT_CONVERSION = YES;
				CLANG_WARN_NON_LITERAL_NULL_CONVERSION = YES;
				CLANG_WARN_OBJC_IMPLICIT_RETAIN_SELF = YES;
				CLANG_WARN_OBJC_LITERAL_CONVERSION = YES;
				CLANG_WARN_OBJC_ROOT_CLASS = YES_ERROR;
				CLANG_WARN_QUOTED_INCLUDE_IN_FRAMEWORK_HEADER = YES;
				CLANG_WARN_RANGE_LOOP_ANALYSIS = YES;
				CLANG_WARN_STRICT_PROTOTYPES = YES;
				CLANG_WARN_SUSPICIOUS_MOVE = YES;
				CLANG_WARN_UNGUARDED_AVAILABILITY = YES_AGGRESSIVE;
				CLANG_WARN_UNREACHABLE_CODE = YES;
				CLANG_WARN__DUPLICATE_METHOD_MATCH = YES;
				COPY_PHASE_STRIP = NO;
				DEBUG_INFORMATION_FORMAT = dwarf;
				ENABLE_STRICT_OBJC_MSGSEND = YES;
				ENABLE_TESTABILITY = YES;
				ENABLE_USER_SCRIPT_SANDBOXING = YES;
				GCC_C_LANGUAGE_STANDARD = gnu17;
				GCC_DYNAMIC_NO_PIC = NO;
				GCC_NO_COMMON_BLOCKS = YES;
				GCC_OPTIMIZATION_LEVEL = 0;
				GCC_PREPROCESSOR_DEFINITIONS = (
					"DEBUG=1",
					"$(inherited)",
				);
				GCC_WARN_64_TO_32_BIT_CONVERSION = YES;
				GCC_WARN_ABOUT_RETURN_TYPE = YES_ERROR;
				GCC_WARN_UNDECLARED_SELECTOR = YES;
				GCC_WARN_UNINITIALIZED_AUTOS = YES_AGGRESSIVE;
				GCC_WARN_UNUSED_FUNCTION = YES;
				GCC_WARN_UNUSED_VARIABLE = YES;
				IPHONEOS_DEPLOYMENT_TARGET = 26.1;
				LOCALIZATION_PREFERS_STRING_CATALOGS = YES;
				MTL_ENABLE_DEBUG_INFO = INCLUDE_SOURCE;
				MTL_FAST_MATH = YES;
				ONLY_ACTIVE_ARCH = YES;
				SDKROOT = iphoneos;
				SWIFT_ACTIVE_COMPILATION_CONDITIONS = "DEBUG $(inherited)";
				SWIFT_OPTIMIZATION_LEVEL = "-Onone";
			};
			name = Debug;
		};
		DE8E22982EDE200A00ACCD4D /* Release */ = {
			isa = XCBuildConfiguration;
			buildSettings = {
				ALWAYS_SEARCH_USER_PATHS = NO;
				ASSETCATALOG_COMPILER_GENERATE_SWIFT_ASSET_SYMBOL_EXTENSIONS = YES;
				CLANG_ANALYZER_NONNULL = YES;
				CLANG_ANALYZER_NUMBER_OBJECT_CONVERSION = YES_AGGRESSIVE;
				CLANG_CXX_LANGUAGE_STANDARD = "gnu++20";
				CLANG_ENABLE_MODULES = YES;
				CLANG_ENABLE_OBJC_ARC = YES;
				CLANG_ENABLE_OBJC_WEAK = YES;
				CLANG_WARN_BLOCK_CAPTURE_AUTORELEASING = YES;
				CLANG_WARN_BOOL_CONVERSION = YES;
				CLANG_WARN_COMMA = YES;
				CLANG_WARN_CONSTANT_CONVERSION = YES;
				CLANG_WARN_DEPRECATED_OBJC_IMPLEMENTATIONS = YES;
				CLANG_WARN_DIRECT_OBJC_ISA_USAGE = YES_ERROR;
				CLANG_WARN_DOCUMENTATION_COMMENTS = YES;
				CLANG_WARN_EMPTY_BODY = YES;
				CLANG_WARN_ENUM_CONVERSION = YES;
				CLANG_WARN_INFINITE_RECURSION = YES;
				CLANG_WARN_INT_CONVERSION = YES;
				CLANG_WARN_NON_LITERAL_NULL_CONVERSION = YES;
				CLANG_WARN_OBJC_IMPLICIT_RETAIN_SELF = YES;
				CLANG_WARN_OBJC_LITERAL_CONVERSION = YES;
				CLANG_WARN_OBJC_ROOT_CLASS = YES_ERROR;
				CLANG_WARN_QUOTED_INCLUDE_IN_FRAMEWORK_HEADER = YES;
				CLANG_WARN_RANGE_LOOP_ANALYSIS = YES;
				CLANG_WARN_STRICT_PROTOTYPES = YES;
				CLANG_WARN_SUSPICIOUS_MOVE = YES;
				CLANG_WARN_UNGUARDED_AVAILABILITY = YES_AGGRESSIVE;
				CLANG_WARN_UNREACHABLE_CODE = YES;
				CLANG_WARN__DUPLICATE_METHOD_MATCH = YES;
				COPY_PHASE_STRIP = NO;
				DEBUG_INFORMATION_FORMAT = "dwarf-with-dsym";
				ENABLE_NS_ASSERTIONS = NO;
				ENABLE_STRICT_OBJC_MSGSEND = YES;
				ENABLE_USER_SCRIPT_SANDBOXING = YES;
				GCC_C_LANGUAGE_STANDARD = gnu17;
				GCC_NO_COMMON_BLOCKS = YES;
				GCC_WARN_64_TO_32_BIT_CONVERSION = YES;
				GCC_WARN_ABOUT_RETURN_TYPE = YES_ERROR;
				GCC_WARN_UNDECLARED_SELECTOR = YES;
				GCC_WARN_UNINITIALIZED_AUTOS = YES_AGGRESSIVE;
				GCC_WARN_UNUSED_FUNCTION = YES;
				GCC_WARN_UNUSED_VARIABLE = YES;
				IPHONEOS_DEPLOYMENT_TARGET = 26.1;
				LOCALIZATION_PREFERS_STRING_CATALOGS = YES;
				MTL_ENABLE_DEBUG_INFO = NO;
				MTL_FAST_MATH = YES;
				SDKROOT = iphoneos;
				SWIFT_COMPILATION_MODE = wholemodule;
				VALIDATE_PRODUCT = YES;
			};
			name = Release;
		};
		DE8E229A2EDE200A00ACCD4D /* Debug */ = {
			isa = XCBuildConfiguration;
			buildSettings = {
				ASSETCATALOG_COMPILER_APPICON_NAME = AppIcon;
				ASSETCATALOG_COMPILER_GLOBAL_ACCENT_COLOR_NAME = AccentColor;
				CODE_SIGN_STYLE = Automatic;
				CURRENT_PROJECT_VERSION = 1;
				ENABLE_PREVIEWS = YES;
				GENERATE_INFOPLIST_FILE = YES;
				INFOPLIST_KEY_UIApplicationSceneManifest_Generation = YES;
				INFOPLIST_KEY_UIApplicationSupportsIndirectInputEvents = YES;
				INFOPLIST_KEY_UILaunchScreen_Generation = YES;
				INFOPLIST_KEY_UISupportedInterfaceOrientations_iPad = "UIInterfaceOrientationPortrait UIInterfaceOrientationPortraitUpsideDown UIInterfaceOrientationLandscapeLeft UIInterfaceOrientationLandscapeRight";
				INFOPLIST_KEY_UISupportedInterfaceOrientations_iPhone = "UIInterfaceOrientationPortrait UIInterfaceOrientationLandscapeLeft UIInterfaceOrientationLandscapeRight";
				LD_RUNPATH_SEARCH_PATHS = (
					"$(inherited)",
					"@executable_path/Frameworks",
				);
				MARKETING_VERSION = 1.0;
				PRODUCT_BUNDLE_IDENTIFIER = com.haseebs1.SmartShopping;
				PRODUCT_NAME = "$(TARGET_NAME)";
				STRING_CATALOG_GENERATE_SYMBOLS = YES;
				SWIFT_APPROACHABLE_CONCURRENCY = YES;
				SWIFT_DEFAULT_ACTOR_ISOLATION = MainActor;
				SWIFT_EMIT_LOC_STRINGS = YES;
				SWIFT_UPCOMING_FEATURE_MEMBER_IMPORT_VISIBILITY = YES;
				SWIFT_VERSION = 5.0;
				TARGETED_DEVICE_FAMILY = "1,2";
			};
			name = Debug;
		};
		DE8E229B2EDE200A00ACCD4D /* Release */ = {
			isa = XCBuildConfiguration;
			buildSettings = {
				ASSETCATALOG_COMPILER_APPICON_NAME = AppIcon;
				ASSETCATALOG_COMPILER_GLOBAL_ACCENT_COLOR_NAME = AccentColor;
				CODE_SIGN_STYLE = Automatic;
				CURRENT_PROJECT_VERSION = 1;
				ENABLE_PREVIEWS = YES;
				GENERATE_INFOPLIST_FILE = YES;
				INFOPLIST_KEY_UIApplicationSceneManifest_Generation = YES;
				INFOPLIST_KEY_UIApplicationSupportsIndirectInputEvents = YES;
				INFOPLIST_KEY_UILaunchScreen_Generation = YES;
				INFOPLIST_KEY_UISupportedInterfaceOrientations_iPad = "UIInterfaceOrientationPortrait UIInterfaceOrientationPortraitUpsideDown UIInterfaceOrientationLandscapeLeft UIInterfaceOrientationLandscapeRight";
				INFOPLIST_KEY_UISupportedInterfaceOrientations_iPhone = "UIInterfaceOrientationPortrait UIInterfaceOrientationLandscapeLeft UIInterfaceOrientationLandscapeRight";
				LD_RUNPATH_SEARCH_PATHS = (
					"$(inherited)",
					"@executable_path/Frameworks",
				);
				MARKETING_VERSION = 1.0;
				PRODUCT_BUNDLE_IDENTIFIER = com.haseebs1.SmartShopping;
				PRODUCT_NAME = "$(TARGET_NAME)";
				STRING_CATALOG_GENERATE_SYMBOLS = YES;
				SWIFT_APPROACHABLE_CONCURRENCY = YES;
				SWIFT_DEFAULT_ACTOR_ISOLATION = MainActor;
				SWIFT_EMIT_LOC_STRINGS = YES;
				SWIFT_UPCOMING_FEATURE_MEMBER_IMPORT_VISIBILITY = YES;
				SWIFT_VERSION = 5.0;
				TARGETED_DEVICE_FAMILY = "1,2";
			};
			name = Release;
		};
/* End XCBuildConfiguration section */

/* Begin XCConfigurationList section */
		DE8E22872EDE200900ACCD4D /* Build configuration list for PBXProject "SmartShopping" */ = {
			isa = XCConfigurationList;
			buildConfigurations = (
				DE8E22972EDE200A00ACCD4D /* Debug */,
				DE8E22982EDE200A00ACCD4D /* Release */,
			);
			defaultConfigurationIsVisible = 0;
			defaultConfigurationName = Release;
		};
		DE8E22992EDE200A00ACCD4D /* Build configuration list for PBXNativeTarget "SmartShopping" */ = {
			isa = XCConfigurationList;
			buildConfigurations = (
				DE8E229A2EDE200A00ACCD4D /* Debug */,
				DE8E229B2EDE200A00ACCD4D /* Release */,
			);
			defaultConfigurationIsVisible = 0;
			defaultConfigurationName = Release;
		};
/* End XCConfigurationList section */

/* Begin XCRemoteSwiftPackageReference section */
		DE8E22E22EDE24AB00ACCD4D /* XCRemoteSwiftPackageReference "supabase-swift" */ = {
			isa = XCRemoteSwiftPackageReference;
			repositoryURL = "https://github.com/supabase-community/supabase-swift";
			requirement = {
				kind = upToNextMajorVersion;
				minimumVersion = 2.5.1;
			};
		};
		DE8E22E32EDE253800ACCD4D /* XCRemoteSwiftPackageReference "keychain-swift" */ = {
			isa = XCRemoteSwiftPackageReference;
			repositoryURL = "https://github.com/evgenyneu/keychain-swift";
			requirement = {
				kind = upToNextMajorVersion;
				minimumVersion = 24.0.0;
			};
		};
		DE8E22E62EDE256F00ACCD4D /* XCRemoteSwiftPackageReference "SDWebImageSwiftUI" */ = {
			isa = XCRemoteSwiftPackageReference;
			repositoryURL = "https://github.com/SDWebImage/SDWebImageSwiftUI";
			requirement = {
				kind = upToNextMajorVersion;
				minimumVersion = 3.1.4;
			};
		};
/* End XCRemoteSwiftPackageReference section */

/* Begin XCSwiftPackageProductDependency section */
		DE8E22E42EDE253800ACCD4D /* KeychainSwift */ = {
			isa = XCSwiftPackageProductDependency;
			package = DE8E22E32EDE253800ACCD4D /* XCRemoteSwiftPackageReference "keychain-swift" */;
			productName = KeychainSwift;
		};
		DE8E22E72EDE256F00ACCD4D /* SDWebImageSwiftUI */ = {
			isa = XCSwiftPackageProductDependency;
			package = DE8E22E62EDE256F00ACCD4D /* XCRemoteSwiftPackageReference "SDWebImageSwiftUI" */;
			productName = SDWebImageSwiftUI;
		};
		DE8E22E92EDE25C000ACCD4D /* Auth */ = {
			isa = XCSwiftPackageProductDependency;
			package = DE8E22E22EDE24AB00ACCD4D /* XCRemoteSwiftPackageReference "supabase-swift" */;
			productName = Auth;
		};
		DE8E22EB2EDE25C000ACCD4D /* Functions */ = {
			isa = XCSwiftPackageProductDependency;
			package = DE8E22E22EDE24AB00ACCD4D /* XCRemoteSwiftPackageReference "supabase-swift" */;
			productName = Functions;
		};
		DE8E22ED2EDE25C000ACCD4D /* PostgREST */ = {
			isa = XCSwiftPackageProductDependency;
			package = DE8E22E22EDE24AB00ACCD4D /* XCRemoteSwiftPackageReference "supabase-swift" */;
			productName = PostgREST;
		};
		DE8E22EF2EDE25C000ACCD4D /* Realtime */ = {
			isa = XCSwiftPackageProductDependency;
			package = DE8E22E22EDE24AB00ACCD4D /* XCRemoteSwiftPackageReference "supabase-swift" */;
			productName = Realtime;
		};
		DE8E22F12EDE25C000ACCD4D /* Storage */ = {
			isa = XCSwiftPackageProductDependency;
			package = DE8E22E22EDE24AB00ACCD4D /* XCRemoteSwiftPackageReference "supabase-swift" */;
			productName = Storage;
		};
		DEA0CFE72EDE2FEE00F3B9E1 /* Supabase */ = {
			isa = XCSwiftPackageProductDependency;
			productName = Supabase;
		};
/* End XCSwiftPackageProductDependency section */
	};
	rootObject = DE8E22842EDE200900ACCD4D /* Project object */;
}
